
Microsoft Visual Studio Solution File, Format Version 12.00
# Visual Studio Version 17
VisualStudioVersion = 17.14.37614.0 d17.14
MinimumVisualStudioVersion = 10.0.40219.1
Project("{FAE04EC0-301F-11D3-BF4B-00C04F79EFBC}") = "FileSearch", "FileSearch.csproj", "{6FF1E5FD-E436-449B-B4A8-D7B66FDB6C18}"
EndProject
Global
	GlobalSection(SolutionConfigurationPlatforms) = preSolution
		Debug|Any CPU = Debug|Any CPU
		Release|Any CPU = Release|Any CPU
	EndGlobalSection
	GlobalSection(ProjectConfigurationPlatforms) = postSolution
		{6FF1E5FD-E436-449B-B4A8-D7B66FDB6C18}.Debug|Any CPU.ActiveCfg = Debug|Any CPU
		{6FF1E5FD-E436-449B-B4A8-D7B66FDB6C18}.Debug|Any CPU.Build.0 = Debug|Any CPU
		{6FF1E5FD-E436-449B-B4A8-D7B66FDB6C18}.Release|Any CPU.ActiveCfg = Release|Any CPU
		{6FF1E5FD-E436-449B-B4A8-D7B66FDB6C18}.Release|Any CPU.Build.0 = Release|Any CPU
	EndGlobalSection
	GlobalSection(SolutionProperties) = preSolution
		HideSolutionNode = FALSE
	EndGlobalSection
	GlobalSection(ExtensibilityGlobals) = postSolution
		SolutionGuid = {9CEAF961-BC7F-4BD1-BF7F-CDCF8C8C1432}
	EndGlobalSection
EndGlobal
